
Microsoft Visual Studio Solution File, Format Version 12.00
# Visual Studio Version 17
VisualStudioVersion = 17.0.31903.59
MinimumVisualStudioVersion = 10.0.40219.1
Project("{2150E333-8FDC-42A3-9474-1A3956D46DE8}") = "Frontend", "Frontend", "{827E0CD3-B72D-47B6-A68D-7590B98EB39B}"
EndProject
Project("{2150E333-8FDC-42A3-9474-1A3956D46DE8}") = "Backend", "Backend", "{11111111-1111-4111-8111-111111111111}"
EndProject
Project("{2150E333-8FDC-42A3-9474-1A3956D46DE8}") = "Shared", "Shared", "{22222222-2222-4222-8222-222222222222}"
EndProject
Project("{FAE04EC0-301F-11D3-BF4B-00C04F79EFBC}") = "Lims.Domain", "Backend\Lims.Domain\Lims.Domain.csproj", "{4E3A7E15-1686-4A12-9313-8A23EFDE190B}"
EndProject
Project("{FAE04EC0-301F-11D3-BF4B-00C04F79EFBC}") = "Lims.Contracts", "Shared\Lims.Contracts\Lims.Contracts.csproj", "{976A4628-9D7C-441C-97DE-5DAA763B6104}"
EndProject
Project("{FAE04EC0-301F-11D3-BF4B-00C04F79EFBC}") = "Lims.Application", "Backend\Lims.Application\Lims.Application.csproj", "{0F1DA1A4-B055-4B47-BECF-1464E8886E1F}"
EndProject
Project("{FAE04EC0-301F-11D3-BF4B-00C04F79EFBC}") = "Lims.Infrastructure", "Backend\Lims.Infrastructure\Lims.Infrastructure.csproj", "{364CC60A-B06D-4E06-8D32-4B3FC8506F19}"
EndProject
Project("{FAE04EC0-301F-11D3-BF4B-00C04F79EFBC}") = "Lims.Api", "Backend\Lims.Api\Lims.Api.csproj", "{9366803C-0AE9-458B-8F01-1718E291DA80}"
EndProject
Project("{FAE04EC0-301F-11D3-BF4B-00C04F79EFBC}") = "Lims.DesignSystem", "Frontend\Lims.DesignSystem\Lims.DesignSystem.csproj", "{B800477E-8D12-49B3-8D59-226DAFEDDBFA}"
EndProject
Project("{FAE04EC0-301F-11D3-BF4B-00C04F79EFBC}") = "Lims.Desktop", "Frontend\Lims.Desktop\Lims.Desktop.csproj", "{695AA8B6-01AF-4A20-B300-FB08CB271EA6}"
EndProject
Project("{2150E333-8FDC-42A3-9474-1A3956D46DE8}") = "Tests", "Tests", "{0AB3BF05-4346-4AA6-1389-037BE0695223}"
EndProject
Project("{2150E333-8FDC-42A3-9474-1A3956D46DE8}") = "Frontend", "Frontend", "{33333333-3333-4333-8333-333333333333}"
EndProject
Project("{2150E333-8FDC-42A3-9474-1A3956D46DE8}") = "Backend", "Backend", "{44444444-4444-4444-8444-444444444444}"
EndProject
Project("{FAE04EC0-301F-11D3-BF4B-00C04F79EFBC}") = "Lims.Application.Tests", "Tests\Backend\Lims.Application.Tests\Lims.Application.Tests.csproj", "{E125A4C5-1C6F-44A6-AD64-D2CB2E9FDDFD}"
EndProject
Project("{FAE04EC0-301F-11D3-BF4B-00C04F79EFBC}") = "Lims.Api.Tests", "Tests\Backend\Lims.Api.Tests\Lims.Api.Tests.csproj", "{BE317448-E522-4A59-B610-FDB8122DEADD}"
EndProject
Project("{FAE04EC0-301F-11D3-BF4B-00C04F79EFBC}") = "Lims.Infrastructure.Tests", "Tests\Backend\Lims.Infrastructure.Tests\Lims.Infrastructure.Tests.csproj", "{FF6CD984-C44C-4B70-9D89-C993130970DE}"
EndProject
Project("{FAE04EC0-301F-11D3-BF4B-00C04F79EFBC}") = "Lims.Desktop.Tests", "Tests\Frontend\Lims.Desktop.Tests\Lims.Desktop.Tests.csproj", "{C37E0F63-DF29-44A1-A991-04C69D21B7A7}"
EndProject
Global
	GlobalSection(SolutionConfigurationPlatforms) = preSolution
		Debug|Any CPU = Debug|Any CPU
		Debug|x64 = Debug|x64
		Debug|x86 = Debug|x86
		Release|Any CPU = Release|Any CPU
		Release|x64 = Release|x64
		Release|x86 = Release|x86
	EndGlobalSection
	GlobalSection(ProjectConfigurationPlatforms) = postSolution
		{4E3A7E15-1686-4A12-9313-8A23EFDE190B}.Debug|Any CPU.ActiveCfg = Debug|Any CPU
		{4E3A7E15-1686-4A12-9313-8A23EFDE190B}.Debug|Any CPU.Build.0 = Debug|Any CPU
		{4E3A7E15-1686-4A12-9313-8A23EFDE190B}.Debug|x64.ActiveCfg = Debug|Any CPU
		{4E3A7E15-1686-4A12-9313-8A23EFDE190B}.Debug|x64.Build.0 = Debug|Any CPU
		{4E3A7E15-1686-4A12-9313-8A23EFDE190B}.Debug|x86.ActiveCfg = Debug|Any CPU
		{4E3A7E15-1686-4A12-9313-8A23EFDE190B}.Debug|x86.Build.0 = Debug|Any CPU
		{4E3A7E15-1686-4A12-9313-8A23EFDE190B}.Release|Any CPU.ActiveCfg = Release|Any CPU
		{4E3A7E15-1686-4A12-9313-8A23EFDE190B}.Release|Any CPU.Build.0 = Release|Any CPU
		{4E3A7E15-1686-4A12-9313-8A23EFDE190B}.Release|x64.ActiveCfg = Release|Any CPU
		{4E3A7E15-1686-4A12-9313-8A23EFDE190B}.Release|x64.Build.0 = Release|Any CPU
		{4E3A7E15-1686-4A12-9313-8A23EFDE190B}.Release|x86.ActiveCfg = Release|Any CPU
		{4E3A7E15-1686-4A12-9313-8A23EFDE190B}.Release|x86.Build.0 = Release|Any CPU
		{976A4628-9D7C-441C-97DE-5DAA763B6104}.Debug|Any CPU.ActiveCfg = Debug|Any CPU
		{976A4628-9D7C-441C-97DE-5DAA763B6104}.Debug|Any CPU.Build.0 = Debug|Any CPU
		{976A4628-9D7C-441C-97DE-5DAA763B6104}.Debug|x64.ActiveCfg = Debug|Any CPU
		{976A4628-9D7C-441C-97DE-5DAA763B6104}.Debug|x64.Build.0 = Debug|Any CPU
		{976A4628-9D7C-441C-97DE-5DAA763B6104}.Debug|x86.ActiveCfg = Debug|Any CPU
		{976A4628-9D7C-441C-97DE-5DAA763B6104}.Debug|x86.Build.0 = Debug|Any CPU
		{976A4628-9D7C-441C-97DE-5DAA763B6104}.Release|Any CPU.ActiveCfg = Release|Any CPU
		{976A4628-9D7C-441C-97DE-5DAA763B6104}.Release|Any CPU.Build.0 = Release|Any CPU
		{976A4628-9D7C-441C-97DE-5DAA763B6104}.Release|x64.ActiveCfg = Release|Any CPU
		{976A4628-9D7C-441C-97DE-5DAA763B6104}.Release|x64.Build.0 = Release|Any CPU
		{976A4628-9D7C-441C-97DE-5DAA763B6104}.Release|x86.ActiveCfg = Release|Any CPU
		{976A4628-9D7C-441C-97DE-5DAA763B6104}.Release|x86.Build.0 = Release|Any CPU
		{0F1DA1A4-B055-4B47-BECF-1464E8886E1F}.Debug|Any CPU.ActiveCfg = Debug|Any CPU
		{0F1DA1A4-B055-4B47-BECF-1464E8886E1F}.Debug|Any CPU.Build.0 = Debug|Any CPU
		{0F1DA1A4-B055-4B47-BECF-1464E8886E1F}.Debug|x64.ActiveCfg = Debug|Any CPU
		{0F1DA1A4-B055-4B47-BECF-1464E8886E1F}.Debug|x64.Build.0 = Debug|Any CPU
		{0F1DA1A4-B055-4B47-BECF-1464E8886E1F}.Debug|x86.ActiveCfg = Debug|Any CPU
		{0F1DA1A4-B055-4B47-BECF-1464E8886E1F}.Debug|x86.Build.0 = Debug|Any CPU
		{0F1DA1A4-B055-4B47-BECF-1464E8886E1F}.Release|Any CPU.ActiveCfg = Release|Any CPU
		{0F1DA1A4-B055-4B47-BECF-1464E8886E1F}.Release|Any CPU.Build.0 = Release|Any CPU
		{0F1DA1A4-B055-4B47-BECF-1464E8886E1F}.Release|x64.ActiveCfg = Release|Any CPU
		{0F1DA1A4-B055-4B47-BECF-1464E8886E1F}.Release|x64.Build.0 = Release|Any CPU
		{0F1DA1A4-B055-4B47-BECF-1464E8886E1F}.Release|x86.ActiveCfg = Release|Any CPU
		{0F1DA1A4-B055-4B47-BECF-1464E8886E1F}.Release|x86.Build.0 = Release|Any CPU
		{364CC60A-B06D-4E06-8D32-4B3FC8506F19}.Debug|Any CPU.ActiveCfg = Debug|Any CPU
		{364CC60A-B06D-4E06-8D32-4B3FC8506F19}.Debug|Any CPU.Build.0 = Debug|Any CPU
		{364CC60A-B06D-4E06-8D32-4B3FC8506F19}.Debug|x64.ActiveCfg = Debug|Any CPU
		{364CC60A-B06D-4E06-8D32-4B3FC8506F19}.Debug|x64.Build.0 = Debug|Any CPU
		{364CC60A-B06D-4E06-8D32-4B3FC8506F19}.Debug|x86.ActiveCfg = Debug|Any CPU
		{364CC60A-B06D-4E06-8D32-4B3FC8506F19}.Debug|x86.Build.0 = Debug|Any CPU
		{364CC60A-B06D-4E06-8D32-4B3FC8506F19}.Release|Any CPU.ActiveCfg = Release|Any CPU
		{364CC60A-B06D-4E06-8D32-4B3FC8506F19}.Release|Any CPU.Build.0 = Release|Any CPU
		{364CC60A-B06D-4E06-8D32-4B3FC8506F19}.Release|x64.ActiveCfg = Release|Any CPU
		{364CC60A-B06D-4E06-8D32-4B3FC8506F19}.Release|x64.Build.0 = Release|Any CPU
		{364CC60A-B06D-4E06-8D32-4B3FC8506F19}.Release|x86.ActiveCfg = Release|Any CPU
		{364CC60A-B06D-4E06-8D32-4B3FC8506F19}.Release|x86.Build.0 = Release|Any CPU
		{9366803C-0AE9-458B-8F01-1718E291DA80}.Debug|Any CPU.ActiveCfg = Debug|Any CPU
		{9366803C-0AE9-458B-8F01-1718E291DA80}.Debug|Any CPU.Build.0 = Debug|Any CPU
		{9366803C-0AE9-458B-8F01-1718E291DA80}.Debug|x64.ActiveCfg = Debug|Any CPU
		{9366803C-0AE9-458B-8F01-1718E291DA80}.Debug|x64.Build.0 = Debug|Any CPU
		{9366803C-0AE9-458B-8F01-1718E291DA80}.Debug|x86.ActiveCfg = Debug|Any CPU
		{9366803C-0AE9-458B-8F01-1718E291DA80}.Debug|x86.Build.0 = Debug|Any CPU
		{9366803C-0AE9-458B-8F01-1718E291DA80}.Release|Any CPU.ActiveCfg = Release|Any CPU
		{9366803C-0AE9-458B-8F01-1718E291DA80}.Release|Any CPU.Build.0 = Release|Any CPU
		{9366803C-0AE9-458B-8F01-1718E291DA80}.Release|x64.ActiveCfg = Release|Any CPU
		{9366803C-0AE9-458B-8F01-1718E291DA80}.Release|x64.Build.0 = Release|Any CPU
		{9366803C-0AE9-458B-8F01-1718E291DA80}.Release|x86.ActiveCfg = Release|Any CPU
		{9366803C-0AE9-458B-8F01-1718E291DA80}.Release|x86.Build.0 = Release|Any CPU
		{B800477E-8D12-49B3-8D59-226DAFEDDBFA}.Debug|Any CPU.ActiveCfg = Debug|Any CPU
		{B800477E-8D12-49B3-8D59-226DAFEDDBFA}.Debug|Any CPU.Build.0 = Debug|Any CPU
		{B800477E-8D12-49B3-8D59-226DAFEDDBFA}.Debug|x64.ActiveCfg = Debug|Any CPU
		{B800477E-8D12-49B3-8D59-226DAFEDDBFA}.Debug|x64.Build.0 = Debug|Any CPU
		{B800477E-8D12-49B3-8D59-226DAFEDDBFA}.Debug|x86.ActiveCfg = Debug|Any CPU
		{B800477E-8D12-49B3-8D59-226DAFEDDBFA}.Debug|x86.Build.0 = Debug|Any CPU
		{B800477E-8D12-49B3-8D59-226DAFEDDBFA}.Release|Any CPU.ActiveCfg = Release|Any CPU
		{B800477E-8D12-49B3-8D59-226DAFEDDBFA}.Release|Any CPU.Build.0 = Release|Any CPU
		{B800477E-8D12-49B3-8D59-226DAFEDDBFA}.Release|x64.ActiveCfg = Release|Any CPU
		{B800477E-8D12-49B3-8D59-226DAFEDDBFA}.Release|x64.Build.0 = Release|Any CPU
		{B800477E-8D12-49B3-8D59-226DAFEDDBFA}.Release|x86.ActiveCfg = Release|Any CPU
		{B800477E-8D12-49B3-8D59-226DAFEDDBFA}.Release|x86.Build.0 = Release|Any CPU
		{695AA8B6-01AF-4A20-B300-FB08CB271EA6}.Debug|Any CPU.ActiveCfg = Debug|Any CPU
		{695AA8B6-01AF-4A20-B300-FB08CB271EA6}.Debug|Any CPU.Build.0 = Debug|Any CPU
		{695AA8B6-01AF-4A20-B300-FB08CB271EA6}.Debug|x64.ActiveCfg = Debug|Any CPU
		{695AA8B6-01AF-4A20-B300-FB08CB271EA6}.Debug|x64.Build.0 = Debug|Any CPU
		{695AA8B6-01AF-4A20-B300-FB08CB271EA6}.Debug|x86.ActiveCfg = Debug|Any CPU
		{695AA8B6-01AF-4A20-B300-FB08CB271EA6}.Debug|x86.Build.0 = Debug|Any CPU
		{695AA8B6-01AF-4A20-B300-FB08CB271EA6}.Release|Any CPU.ActiveCfg = Release|Any CPU
		{695AA8B6-01AF-4A20-B300-FB08CB271EA6}.Release|Any CPU.Build.0 = Release|Any CPU
		{695AA8B6-01AF-4A20-B300-FB08CB271EA6}.Release|x64.ActiveCfg = Release|Any CPU
		{695AA8B6-01AF-4A20-B300-FB08CB271EA6}.Release|x64.Build.0 = Release|Any CPU
		{695AA8B6-01AF-4A20-B300-FB08CB271EA6}.Release|x86.ActiveCfg = Release|Any CPU
		{695AA8B6-01AF-4A20-B300-FB08CB271EA6}.Release|x86.Build.0 = Release|Any CPU
		{E125A4C5-1C6F-44A6-AD64-D2CB2E9FDDFD}.Debug|Any CPU.ActiveCfg = Debug|Any CPU
		{E125A4C5-1C6F-44A6-AD64-D2CB2E9FDDFD}.Debug|Any CPU.Build.0 = Debug|Any CPU
		{E125A4C5-1C6F-44A6-AD64-D2CB2E9FDDFD}.Debug|x64.ActiveCfg = Debug|Any CPU
		{E125A4C5-1C6F-44A6-AD64-D2CB2E9FDDFD}.Debug|x64.Build.0 = Debug|Any CPU
		{E125A4C5-1C6F-44A6-AD64-D2CB2E9FDDFD}.Debug|x86.ActiveCfg = Debug|Any CPU
		{E125A4C5-1C6F-44A6-AD64-D2CB2E9FDDFD}.Debug|x86.Build.0 = Debug|Any CPU
		{E125A4C5-1C6F-44A6-AD64-D2CB2E9FDDFD}.Release|Any CPU.ActiveCfg = Release|Any CPU
		{E125A4C5-1C6F-44A6-AD64-D2CB2E9FDDFD}.Release|Any CPU.Build.0 = Release|Any CPU
		{E125A4C5-1C6F-44A6-AD64-D2CB2E9FDDFD}.Release|x64.ActiveCfg = Release|Any CPU
		{E125A4C5-1C6F-44A6-AD64-D2CB2E9FDDFD}.Release|x64.Build.0 = Release|Any CPU
		{E125A4C5-1C6F-44A6-AD64-D2CB2E9FDDFD}.Release|x86.ActiveCfg = Release|Any CPU
		{E125A4C5-1C6F-44A6-AD64-D2CB2E9FDDFD}.Release|x86.Build.0 = Release|Any CPU
		{BE317448-E522-4A59-B610-FDB8122DEADD}.Debug|Any CPU.ActiveCfg = Debug|Any CPU
		{BE317448-E522-4A59-B610-FDB8122DEADD}.Debug|Any CPU.Build.0 = Debug|Any CPU
		{BE317448-E522-4A59-B610-FDB8122DEADD}.Debug|x64.ActiveCfg = Debug|Any CPU
		{BE317448-E522-4A59-B610-FDB8122DEADD}.Debug|x64.Build.0 = Debug|Any CPU
		{BE317448-E522-4A59-B610-FDB8122DEADD}.Debug|x86.ActiveCfg = Debug|Any CPU
		{BE317448-E522-4A59-B610-FDB8122DEADD}.Debug|x86.Build.0 = Debug|Any CPU
		{BE317448-E522-4A59-B610-FDB8122DEADD}.Release|Any CPU.ActiveCfg = Release|Any CPU
		{BE317448-E522-4A59-B610-FDB8122DEADD}.Release|Any CPU.Build.0 = Release|Any CPU
		{BE317448-E522-4A59-B610-FDB8122DEADD}.Release|x64.ActiveCfg = Release|Any CPU
		{BE317448-E522-4A59-B610-FDB8122DEADD}.Release|x64.Build.0 = Release|Any CPU
		{BE317448-E522-4A59-B610-FDB8122DEADD}.Release|x86.ActiveCfg = Release|Any CPU
		{BE317448-E522-4A59-B610-FDB8122DEADD}.Release|x86.Build.0 = Release|Any CPU
		{FF6CD984-C44C-4B70-9D89-C993130970DE}.Debug|Any CPU.ActiveCfg = Debug|Any CPU
		{FF6CD984-C44C-4B70-9D89-C993130970DE}.Debug|Any CPU.Build.0 = Debug|Any CPU
		{FF6CD984-C44C-4B70-9D89-C993130970DE}.Debug|x64.ActiveCfg = Debug|Any CPU
		{FF6CD984-C44C-4B70-9D89-C993130970DE}.Debug|x64.Build.0 = Debug|Any CPU
		{FF6CD984-C44C-4B70-9D89-C993130970DE}.Debug|x86.ActiveCfg = Debug|Any CPU
		{FF6CD984-C44C-4B70-9D89-C993130970DE}.Debug|x86.Build.0 = Debug|Any CPU
		{FF6CD984-C44C-4B70-9D89-C993130970DE}.Release|Any CPU.ActiveCfg = Release|Any CPU
		{FF6CD984-C44C-4B70-9D89-C993130970DE}.Release|Any CPU.Build.0 = Release|Any CPU
		{FF6CD984-C44C-4B70-9D89-C993130970DE}.Release|x64.ActiveCfg = Release|Any CPU
		{FF6CD984-C44C-4B70-9D89-C993130970DE}.Release|x64.Build.0 = Release|Any CPU
		{FF6CD984-C44C-4B70-9D89-C993130970DE}.Release|x86.ActiveCfg = Release|Any CPU
		{FF6CD984-C44C-4B70-9D89-C993130970DE}.Release|x86.Build.0 = Release|Any CPU
		{C37E0F63-DF29-44A1-A991-04C69D21B7A7}.Debug|Any CPU.ActiveCfg = Debug|Any CPU
		{C37E0F63-DF29-44A1-A991-04C69D21B7A7}.Debug|Any CPU.Build.0 = Debug|Any CPU
		{C37E0F63-DF29-44A1-A991-04C69D21B7A7}.Debug|x64.ActiveCfg = Debug|Any CPU
		{C37E0F63-DF29-44A1-A991-04C69D21B7A7}.Debug|x64.Build.0 = Debug|Any CPU
		{C37E0F63-DF29-44A1-A991-04C69D21B7A7}.Debug|x86.ActiveCfg = Debug|Any CPU
		{C37E0F63-DF29-44A1-A991-04C69D21B7A7}.Debug|x86.Build.0 = Debug|Any CPU
		{C37E0F63-DF29-44A1-A991-04C69D21B7A7}.Release|Any CPU.ActiveCfg = Release|Any CPU
		{C37E0F63-DF29-44A1-A991-04C69D21B7A7}.Release|Any CPU.Build.0 = Release|Any CPU
		{C37E0F63-DF29-44A1-A991-04C69D21B7A7}.Release|x64.ActiveCfg = Release|Any CPU
		{C37E0F63-DF29-44A1-A991-04C69D21B7A7}.Release|x64.Build.0 = Release|Any CPU
		{C37E0F63-DF29-44A1-A991-04C69D21B7A7}.Release|x86.ActiveCfg = Release|Any CPU
		{C37E0F63-DF29-44A1-A991-04C69D21B7A7}.Release|x86.Build.0 = Release|Any CPU
	EndGlobalSection
	GlobalSection(SolutionProperties) = preSolution
		HideSolutionNode = FALSE
	EndGlobalSection
	GlobalSection(NestedProjects) = preSolution
		{4E3A7E15-1686-4A12-9313-8A23EFDE190B} = {11111111-1111-4111-8111-111111111111}
		{976A4628-9D7C-441C-97DE-5DAA763B6104} = {22222222-2222-4222-8222-222222222222}
		{0F1DA1A4-B055-4B47-BECF-1464E8886E1F} = {11111111-1111-4111-8111-111111111111}
		{364CC60A-B06D-4E06-8D32-4B3FC8506F19} = {11111111-1111-4111-8111-111111111111}
		{9366803C-0AE9-458B-8F01-1718E291DA80} = {11111111-1111-4111-8111-111111111111}
		{B800477E-8D12-49B3-8D59-226DAFEDDBFA} = {827E0CD3-B72D-47B6-A68D-7590B98EB39B}
		{695AA8B6-01AF-4A20-B300-FB08CB271EA6} = {827E0CD3-B72D-47B6-A68D-7590B98EB39B}
		{33333333-3333-4333-8333-333333333333} = {0AB3BF05-4346-4AA6-1389-037BE0695223}
		{44444444-4444-4444-8444-444444444444} = {0AB3BF05-4346-4AA6-1389-037BE0695223}
		{E125A4C5-1C6F-44A6-AD64-D2CB2E9FDDFD} = {44444444-4444-4444-8444-444444444444}
		{BE317448-E522-4A59-B610-FDB8122DEADD} = {44444444-4444-4444-8444-444444444444}
		{FF6CD984-C44C-4B70-9D89-C993130970DE} = {44444444-4444-4444-8444-444444444444}
		{C37E0F63-DF29-44A1-A991-04C69D21B7A7} = {33333333-3333-4333-8333-333333333333}
	EndGlobalSection
EndGlobal
